<?xml version="1.0" encoding="utf-8"?>
<Project ToolsVersion="4.0" xmlns="http://schemas.microsoft.com/developer/msbuild/2003">
  <ItemGroup>
    <ClCompile Include="src\dllmain.cpp" />
    <ClCompile Include="src\framework\version.cpp">
      <Filter>framework</Filter>
    </ClCompile>
    <ClCompile Include="src\user\main.cpp">
      <Filter>user</Filter>
    </ClCompile>
    <ClCompile Include="src\include\detours\detours.cpp">
      <Filter>include\detours</Filter>
    </ClCompile>
    <ClCompile Include="src\include\detours\disasm.cpp">
      <Filter>include\detours</Filter>
    </ClCompile>
    <ClCompile Include="src\include\detours\modules.cpp">
      <Filter>include\detours</Filter>
    </ClCompile>
    <ClCompile Include="src\include\oxorany\oxorany.cpp">
      <Filter>include\oxorany</Filter>
    </ClCompile>
    <ClCompile Include="src\hooks\directx.cpp">
      <Filter>hooks</Filter>
    </ClCompile>
    <ClCompile Include="src\hooks\_hooks.cpp">
      <Filter>hooks</Filter>
    </ClCompile>
    <ClCompile Include="src\user\globals.h">
      <Filter>user</Filter>
    </ClCompile>
    <ClCompile Include="globals.cpp">
      <Filter>user</Filter>
    </ClCompile>
    <ClCompile Include="src\framework\app-functions.cpp">
      <Filter>framework</Filter>
    </ClCompile>
    <ClCompile Include="src\hooks\winuser.cpp">
      <Filter>hooks</Filter>
    </ClCompile>
    <ClCompile Include="src\include\imgui\imgui.cpp">
      <Filter>include\imgui</Filter>
    </ClCompile>
    <ClCompile Include="src\include\imgui\imgui_demo.cpp">
      <Filter>include\imgui</Filter>
    </ClCompile>
    <ClCompile Include="src\include\imgui\imgui_draw.cpp">
      <Filter>include\imgui</Filter>
    </ClCompile>
    <ClCompile Include="src\include\imgui\imgui_tables.cpp">
      <Filter>include\imgui</Filter>
    </ClCompile>
    <ClCompile Include="src\include\imgui\imgui_widgets.cpp">
      <Filter>include\imgui</Filter>
    </ClCompile>
    <ClCompile Include="src\include\imgui\imgui_impl_win32.cpp">
      <Filter>include\imgui</Filter>
    </ClCompile>
    <ClCompile Include="src\include\imgui\imgui_impl_dx11.cpp">
      <Filter>include\imgui</Filter>
    </ClCompile>
    <ClCompile Include="src\hooks\app.cpp">
      <Filter>hooks</Filter>
    </ClCompile>
    <ClCompile Include="src\gui\menu.cpp">
      <Filter>gui</Filter>
    </ClCompile>
    <ClCompile Include="src\hooks\user32.cpp">
      <Filter>hooks</Filter>
    </ClCompile>
  </ItemGroup>
  <ItemGroup>
    <Filter Include="framework">
      <UniqueIdentifier>{ebc59406-17ee-4758-87d1-73a480770097}</UniqueIdentifier>
    </Filter>
    <Filter Include="hooks">
      <UniqueIdentifier>{c0e0032a-5e93-4e3b-824f-719ceaeffa67}</UniqueIdentifier>
    </Filter>
    <Filter Include="include">
      <UniqueIdentifier>{eeb2d3f9-6e09-4248-897d-65959085307c}</UniqueIdentifier>
    </Filter>
    <Filter Include="include\detours">
      <UniqueIdentifier>{3986fcd2-670c-425c-a81b-395d2c870e00}</UniqueIdentifier>
    </Filter>
    <Filter Include="include\oxorany">
      <UniqueIdentifier>{f19cc276-726b-4f5a-a0d1-c1c3b486a753}</UniqueIdentifier>
    </Filter>
    <Filter Include="user">
      <UniqueIdentifier>{3bce2a74-80a9-42bf-8bdd-aaf71af07b37}</UniqueIdentifier>
    </Filter>
    <Filter Include="include\imgui">
      <UniqueIdentifier>{e2b6fe7b-32c6-4907-b193-66e723a0f174}</UniqueIdentifier>
    </Filter>
    <Filter Include="gui">
      <UniqueIdentifier>{92e030b2-d408-4f02-aba0-3687d61cdccc}</UniqueIdentifier>
    </Filter>
  </ItemGroup>
  <ItemGroup>
    <ClInclude Include="src\framework\SignatureScan.hpp">
      <Filter>framework</Filter>
    </ClInclude>
    <ClInclude Include="src\framework\version.h">
      <Filter>framework</Filter>
    </ClInclude>
    <ClInclude Include="src\user\main.hpp">
      <Filter>user</Filter>
    </ClInclude>
    <ClInclude Include="src\include\detours\detours.h">
      <Filter>include\detours</Filter>
    </ClInclude>
    <ClInclude Include="src\include\oxorany\oxorany.h">
      <Filter>include\oxorany</Filter>
    </ClInclude>
    <ClInclude Include="src\include\oxorany\oxorany_include.h">
      <Filter>include\oxorany</Filter>
    </ClInclude>
    <ClInclude Include="src\hooks\_hooks.h">
      <Filter>hooks</Filter>
    </ClInclude>
    <ClInclude Include="src\framework\app-functions.h">
      <Filter>framework</Filter>
    </ClInclude>
    <ClInclude Include="src\include\imgui\imgui.h">
      <Filter>include\imgui</Filter>
    </ClInclude>
    <ClInclude Include="src\include\imgui\imgui_internal.h">
      <Filter>include\imgui</Filter>
    </ClInclude>
    <ClInclude Include="src\include\imgui\imstb_rectpack.h">
      <Filter>include\imgui</Filter>
    </ClInclude>
    <ClInclude Include="src\include\imgui\imstb_textedit.h">
      <Filter>include\imgui</Filter>
    </ClInclude>
    <ClInclude Include="src\include\imgui\imstb_truetype.h">
      <Filter>include\imgui</Filter>
    </ClInclude>
    <ClInclude Include="src\include\imgui\imgui_impl_win32.h">
      <Filter>include\imgui</Filter>
    </ClInclude>
    <ClInclude Include="src\include\imgui\imconfig.h">
      <Filter>include\imgui</Filter>
    </ClInclude>
    <ClInclude Include="src\include\imgui\imgui_impl_dx11.h">
      <Filter>include\imgui</Filter>
    </ClInclude>
    <ClInclude Include="src\gui\menu.h">
      <Filter>gui</Filter>
    </ClInclude>
  </ItemGroup>
  <ItemGroup>
    <None Include="src\framework\version.def">
      <Filter>framework</Filter>
    </None>
    <None Include="README.md" />
  </ItemGroup>
</Project>